
Microsoft Visual Studio Solution File, Format Version 12.00
# Visual Studio Version 16
VisualStudioVersion = 16.0.29920.165
MinimumVisualStudioVersion = 10.0.40219.1
Project("{FAE04EC0-301F-11D3-BF4B-00C04F79EFBC}") = "Calculadora", "Calculadora.csproj", "{5C321CFF-9267-4FB2-BC48-1B55427ECBF6}"
EndProject
Global
	GlobalSection(SolutionConfigurationPlatforms) = preSolution
		Debug|Any CPU = Debug|Any CPU
		Release|Any CPU = Release|Any CPU
	EndGlobalSection
	GlobalSection(ProjectConfigurationPlatforms) = postSolution
		{5C321CFF-9267-4FB2-BC48-1B55427ECBF6}.Debug|Any CPU.ActiveCfg = Debug|Any CPU
		{5C321CFF-9267-4FB2-BC48-1B55427ECBF6}.Debug|Any CPU.Build.0 = Debug|Any CPU
		{5C321CFF-9267-4FB2-BC48-1B55427ECBF6}.Release|Any CPU.ActiveCfg = Release|Any CPU
		{5C321CFF-9267-4FB2-BC48-1B55427ECBF6}.Release|Any CPU.Build.0 = Release|Any CPU
	EndGlobalSection
	GlobalSection(SolutionProperties) = preSolution
		HideSolutionNode = FALSE
	EndGlobalSection
	GlobalSection(ExtensibilityGlobals) = postSolution
		SolutionGuid = {2B73F1BF-7144-454F-BC8B-51BFD79F53DE}
	EndGlobalSection
EndGlobal
